<?xml version="1.0" encoding="utf-8"?>
<Project ToolsVersion="4.0" xmlns="http://schemas.microsoft.com/developer/msbuild/2003">
  <ItemGroup>
    <Filter Include="Source Files">
      <UniqueIdentifier>{4FC737F1-C7A5-4376-A066-2A32D752A2FF}</UniqueIdentifier>
      <Extensions>cpp;c;cc;cxx;def;odl;idl;hpj;bat;asm;asmx</Extensions>
    </Filter>
    <Filter Include="Header Files">
      <UniqueIdentifier>{93995380-89BD-4b04-88EB-625FBE52EBFB}</UniqueIdentifier>
      <Extensions>h;hh;hpp;hxx;hm;inl;inc;ipp;xsd</Extensions>
    </Filter>
    <Filter Include="Resource Files">
      <UniqueIdentifier>{67DA6AB6-F800-4c08-8B7A-83BB121AAD01}</UniqueIdentifier>
      <Extensions>rc;ico;cur;bmp;dlg;rc2;rct;bin;rgs;gif;jpg;jpeg;jpe;resx;tiff;tif;png;wav;mfcribbon-ms</Extensions>
    </Filter>
  </ItemGroup>
  <ItemGroup>
    <ClCompile Include="src\epic\process.cpp">
      <Filter>Source Files</Filter>
    </ClCompile>
    <ClCompile Include="src\epic\shellcode.cpp">
      <Filter>Source Files</Filter>
    </ClCompile>
    <ClCompile Include="src\epic\vmt_hook.cpp">
      <Filter>Source Files</Filter>
    </ClCompile>
    <ClCompile Include="src\epic\iat_hook.cpp">
      <Filter>Source Files</Filter>
    </ClCompile>
    <ClCompile Include="src\misc\misc.cpp">
      <Filter>Source Files</Filter>
    </ClCompile>
    <ClCompile Include="src\epic\pattern_scanner.cpp">
      <Filter>Source Files</Filter>
    </ClCompile>
    <ClCompile Include="src\epic\loader.cpp">
      <Filter>Source Files</Filter>
    </ClCompile>
    <ClCompile Include="src\epic\loaded_module.cpp">
      <Filter>Source Files</Filter>
    </ClCompile>
    <ClCompile Include="src\epic\syscalls.cpp">
      <Filter>Source Files</Filter>
    </ClCompile>
    <ClCompile Include="src\epic\windows_defs.cpp">
      <Filter>Source Files</Filter>
    </ClCompile>
    <ClCompile Include="src\epic\unused_memory.cpp">
      <Filter>Source Files</Filter>
    </ClCompile>
    <ClCompile Include="src\epic\driver.cpp">
      <Filter>Source Files</Filter>
    </ClCompile>
    <ClCompile Include="src\misc\logger.cpp">
      <Filter>Source Files</Filter>
    </ClCompile>
    <ClCompile Include="src\epic\hardware_breakpoint.cpp">
      <Filter>Source Files</Filter>
    </ClCompile>
    <ClCompile Include="src\epic\wow64_syscall_hook.cpp">
      <Filter>Source Files</Filter>
    </ClCompile>
  </ItemGroup>
  <ItemGroup>
    <ClInclude Include="include\epic\shellcode.h">
      <Filter>Header Files</Filter>
    </ClInclude>
    <ClInclude Include="include\epic\vmt_hook.h">
      <Filter>Header Files</Filter>
    </ClInclude>
    <ClInclude Include="include\epic\iat_hook.h">
      <Filter>Header Files</Filter>
    </ClInclude>
    <ClInclude Include="include\misc\color.h">
      <Filter>Header Files</Filter>
    </ClInclude>
    <ClInclude Include="include\misc\error_codes.h">
      <Filter>Header Files</Filter>
    </ClInclude>
    <ClInclude Include="include\misc\logger.h">
      <Filter>Header Files</Filter>
    </ClInclude>
    <ClInclude Include="include\misc\vector.h">
      <Filter>Header Files</Filter>
    </ClInclude>
    <ClInclude Include="include\misc\misc.h">
      <Filter>Header Files</Filter>
    </ClInclude>
    <ClInclude Include="include\misc\unit_test.h">
      <Filter>Header Files</Filter>
    </ClInclude>
    <ClInclude Include="include\crypto\compile_time_key.h">
      <Filter>Header Files</Filter>
    </ClInclude>
    <ClInclude Include="include\epic\process.h">
      <Filter>Header Files</Filter>
    </ClInclude>
    <ClInclude Include="include\epic\pattern_scanner.h">
      <Filter>Header Files</Filter>
    </ClInclude>
    <ClInclude Include="include\epic\loader.h">
      <Filter>Header Files</Filter>
    </ClInclude>
    <ClInclude Include="include\epic\loaded_module.h">
      <Filter>Header Files</Filter>
    </ClInclude>
    <ClInclude Include="include\crypto\string_encryption.h">
      <Filter>Header Files</Filter>
    </ClInclude>
    <ClInclude Include="include\epic\syscalls.h">
      <Filter>Header Files</Filter>
    </ClInclude>
    <ClInclude Include="include\epic\windows_defs.h">
      <Filter>Header Files</Filter>
    </ClInclude>
    <ClInclude Include="include\epic\unused_memory.h">
      <Filter>Header Files</Filter>
    </ClInclude>
    <ClInclude Include="include\misc\math.h">
      <Filter>Header Files</Filter>
    </ClInclude>
    <ClInclude Include="include\misc\fnv_hash.h">
      <Filter>Header Files</Filter>
    </ClInclude>
    <ClInclude Include="include\epic\driver.h">
      <Filter>Header Files</Filter>
    </ClInclude>
    <ClInclude Include="include\misc\matrix.h">
      <Filter>Header Files</Filter>
    </ClInclude>
    <ClInclude Include="include\epic\vmt_helpers.h">
      <Filter>Header Files</Filter>
    </ClInclude>
    <ClInclude Include="include\misc\scope_guard.h">
      <Filter>Header Files</Filter>
    </ClInclude>
    <ClInclude Include="include\epic\read_write_variable.h">
      <Filter>Header Files</Filter>
    </ClInclude>
    <ClInclude Include="include\epic\shellcode_wrappers.h">
      <Filter>Header Files</Filter>
    </ClInclude>
    <ClInclude Include="include\epic\hardware_breakpoint.h">
      <Filter>Header Files</Filter>
    </ClInclude>
    <ClInclude Include="include\epic\wow64_syscall_hook.h">
      <Filter>Header Files</Filter>
    </ClInclude>
  </ItemGroup>
  <ItemGroup>
    <MASM Include="asm\syscall-x64.asm">
      <Filter>Source Files</Filter>
    </MASM>
  </ItemGroup>
</Project>